
Microsoft Visual Studio Solution File, Format Version 12.00
# Visual Studio Version 16
VisualStudioVersion = 16.0.32630.195
MinimumVisualStudioVersion = 10.0.40219.1
Project("{FAE04EC0-301F-11D3-BF4B-00C04F79EFBC}") = "EstruturaWhile", "EstruturaWhile\EstruturaWhile.csproj", "{96A5C8E2-C2F7-4143-94BD-9C530AFD2621}"
EndProject
Global
	GlobalSection(SolutionConfigurationPlatforms) = preSolution
		Debug|Any CPU = Debug|Any CPU
		Release|Any CPU = Release|Any CPU
	EndGlobalSection
	GlobalSection(ProjectConfigurationPlatforms) = postSolution
		{96A5C8E2-C2F7-4143-94BD-9C530AFD2621}.Debug|Any CPU.ActiveCfg = Debug|Any CPU
		{96A5C8E2-C2F7-4143-94BD-9C530AFD2621}.Debug|Any CPU.Build.0 = Debug|Any CPU
		{96A5C8E2-C2F7-4143-94BD-9C530AFD2621}.Release|Any CPU.ActiveCfg = Release|Any CPU
		{96A5C8E2-C2F7-4143-94BD-9C530AFD2621}.Release|Any CPU.Build.0 = Release|Any CPU
	EndGlobalSection
	GlobalSection(SolutionProperties) = preSolution
		HideSolutionNode = FALSE
	EndGlobalSection
	GlobalSection(ExtensibilityGlobals) = postSolution
		SolutionGuid = {6342FE1A-4D77-4D61-A491-06B7E13A797E}
	EndGlobalSection
EndGlobal
