
Microsoft Visual Studio Solution File, Format Version 12.00
# Visual Studio Version 16
VisualStudioVersion = 16.0.32630.195
MinimumVisualStudioVersion = 10.0.40219.1
Project("{FAE04EC0-301F-11D3-BF4B-00C04F79EFBC}") = "ProblemaExemplo2", "ProblemaExemplo2\ProblemaExemplo2.csproj", "{7B9A94B0-05B3-4BF3-AEF0-255F7F195E68}"
EndProject
Global
	GlobalSection(SolutionConfigurationPlatforms) = preSolution
		Debug|Any CPU = Debug|Any CPU
		Release|Any CPU = Release|Any CPU
	EndGlobalSection
	GlobalSection(ProjectConfigurationPlatforms) = postSolution
		{7B9A94B0-05B3-4BF3-AEF0-255F7F195E68}.Debug|Any CPU.ActiveCfg = Debug|Any CPU
		{7B9A94B0-05B3-4BF3-AEF0-255F7F195E68}.Debug|Any CPU.Build.0 = Debug|Any CPU
		{7B9A94B0-05B3-4BF3-AEF0-255F7F195E68}.Release|Any CPU.ActiveCfg = Release|Any CPU
		{7B9A94B0-05B3-4BF3-AEF0-255F7F195E68}.Release|Any CPU.Build.0 = Release|Any CPU
	EndGlobalSection
	GlobalSection(SolutionProperties) = preSolution
		HideSolutionNode = FALSE
	EndGlobalSection
	GlobalSection(ExtensibilityGlobals) = postSolution
		SolutionGuid = {C6A9527E-BF3F-4C29-AFCC-DCFB77477B5A}
	EndGlobalSection
EndGlobal
