
Microsoft Visual Studio Solution File, Format Version 12.00
# Visual Studio Version 16
VisualStudioVersion = 16.0.32630.195
MinimumVisualStudioVersion = 10.0.40219.1
Project("{FAE04EC0-301F-11D3-BF4B-00C04F79EFBC}") = "ExercicioClasseAtributoMetodo", "ExercicioClasseAtributoMetodo\ExercicioClasseAtributoMetodo.csproj", "{523D1F56-EF23-431A-80D5-22CEE48C2F82}"
EndProject
Global
	GlobalSection(SolutionConfigurationPlatforms) = preSolution
		Debug|Any CPU = Debug|Any CPU
		Release|Any CPU = Release|Any CPU
	EndGlobalSection
	GlobalSection(ProjectConfigurationPlatforms) = postSolution
		{523D1F56-EF23-431A-80D5-22CEE48C2F82}.Debug|Any CPU.ActiveCfg = Debug|Any CPU
		{523D1F56-EF23-431A-80D5-22CEE48C2F82}.Debug|Any CPU.Build.0 = Debug|Any CPU
		{523D1F56-EF23-431A-80D5-22CEE48C2F82}.Release|Any CPU.ActiveCfg = Release|Any CPU
		{523D1F56-EF23-431A-80D5-22CEE48C2F82}.Release|Any CPU.Build.0 = Release|Any CPU
	EndGlobalSection
	GlobalSection(SolutionProperties) = preSolution
		HideSolutionNode = FALSE
	EndGlobalSection
	GlobalSection(ExtensibilityGlobals) = postSolution
		SolutionGuid = {F7B1B92F-8D7F-4974-827A-AB14FDA13C1A}
	EndGlobalSection
EndGlobal
