
Microsoft Visual Studio Solution File, Format Version 12.00
# Visual Studio Version 16
VisualStudioVersion = 16.0.32630.195
MinimumVisualStudioVersion = 10.0.40219.1
Project("{FAE04EC0-301F-11D3-BF4B-00C04F79EFBC}") = "ComOOPMetodos", "ComOOPMetodos\ComOOPMetodos.csproj", "{AC19B578-FFE4-4014-8F11-99B6A9DB95EC}"
EndProject
Global
	GlobalSection(SolutionConfigurationPlatforms) = preSolution
		Debug|Any CPU = Debug|Any CPU
		Release|Any CPU = Release|Any CPU
	EndGlobalSection
	GlobalSection(ProjectConfigurationPlatforms) = postSolution
		{AC19B578-FFE4-4014-8F11-99B6A9DB95EC}.Debug|Any CPU.ActiveCfg = Debug|Any CPU
		{AC19B578-FFE4-4014-8F11-99B6A9DB95EC}.Debug|Any CPU.Build.0 = Debug|Any CPU
		{AC19B578-FFE4-4014-8F11-99B6A9DB95EC}.Release|Any CPU.ActiveCfg = Release|Any CPU
		{AC19B578-FFE4-4014-8F11-99B6A9DB95EC}.Release|Any CPU.Build.0 = Release|Any CPU
	EndGlobalSection
	GlobalSection(SolutionProperties) = preSolution
		HideSolutionNode = FALSE
	EndGlobalSection
	GlobalSection(ExtensibilityGlobals) = postSolution
		SolutionGuid = {4D8EF047-6BF8-48A8-B996-A36341AAC7FE}
	EndGlobalSection
EndGlobal
