
Microsoft Visual Studio Solution File, Format Version 12.00
# Visual Studio Version 16
VisualStudioVersion = 16.0.32630.195
MinimumVisualStudioVersion = 10.0.40219.1
Project("{FAE04EC0-301F-11D3-BF4B-00C04F79EFBC}") = "EscopoInicializacao", "EscopoInicializacao\EscopoInicializacao.csproj", "{31DD29AE-F0DE-432C-BC4E-9EC9A6552A92}"
EndProject
Global
	GlobalSection(SolutionConfigurationPlatforms) = preSolution
		Debug|Any CPU = Debug|Any CPU
		Release|Any CPU = Release|Any CPU
	EndGlobalSection
	GlobalSection(ProjectConfigurationPlatforms) = postSolution
		{31DD29AE-F0DE-432C-BC4E-9EC9A6552A92}.Debug|Any CPU.ActiveCfg = Debug|Any CPU
		{31DD29AE-F0DE-432C-BC4E-9EC9A6552A92}.Debug|Any CPU.Build.0 = Debug|Any CPU
		{31DD29AE-F0DE-432C-BC4E-9EC9A6552A92}.Release|Any CPU.ActiveCfg = Release|Any CPU
		{31DD29AE-F0DE-432C-BC4E-9EC9A6552A92}.Release|Any CPU.Build.0 = Release|Any CPU
	EndGlobalSection
	GlobalSection(SolutionProperties) = preSolution
		HideSolutionNode = FALSE
	EndGlobalSection
	GlobalSection(ExtensibilityGlobals) = postSolution
		SolutionGuid = {361C545F-F0C0-4202-B9C2-BCDCBDFF4777}
	EndGlobalSection
EndGlobal
